// !$*UTF8*$!
{
	archiveVersion = 1;
	classes = {
	};
	objectVersion = 56;
	objects = {

/* Begin PBXBuildFile section */
		C8B382792945E1B700BD6D26 /* AppDelegate.swift in Sources */ = {isa = PBXBuildFile; fileRef = C8B382782945E1B700BD6D26 /* AppDelegate.swift */; };
		C8B3827B2945E1B700BD6D26 /* SceneDelegate.swift in Sources */ = {isa = PBXBuildFile; fileRef = C8B3827A2945E1B700BD6D26 /* SceneDelegate.swift */; };
		C8B3827D2945E1B700BD6D26 /* ViewController.swift in Sources */ = {isa = PBXBuildFile; fileRef = C8B3827C2945E1B700BD6D26 /* ViewController.swift */; };
		C8B382802945E1B700BD6D26 /* Main.storyboard in Resources */ = {isa = PBXBuildFile; fileRef = C8B3827E2945E1B700BD6D26 /* Main.storyboard */; };
		C8B382822945E1B800BD6D26 /* Assets.xcassets in Resources */ = {isa = PBXBuildFile; fileRef = C8B382812945E1B800BD6D26 /* Assets.xcassets */; };
		C8B382852945E1B800BD6D26 /* LaunchScreen.storyboard in Resources */ = {isa = PBXBuildFile; fileRef = C8B382832945E1B800BD6D26 /* LaunchScreen.storyboard */; };
		C8B382902945E1B800BD6D26 /* PassingData_exTests.swift in Sources */ = {isa = PBXBuildFile; fileRef = C8B3828F2945E1B800BD6D26 /* PassingData_exTests.swift */; };
		C8B3829A2945E1B800BD6D26 /* PassingData_exUITests.swift in Sources */ = {isa = PBXBuildFile; fileRef = C8B382992945E1B800BD6D26 /* PassingData_exUITests.swift */; };
		C8B3829C2945E1B800BD6D26 /* PassingData_exUITestsLaunchTests.swift in Sources */ = {isa = PBXBuildFile; fileRef = C8B3829B2945E1B800BD6D26 /* PassingData_exUITestsLaunchTests.swift */; };
		C8B382A92945E2C300BD6D26 /* DetailViewController.swift in Sources */ = {isa = PBXBuildFile; fileRef = C8B382A82945E2C300BD6D26 /* DetailViewController.swift */; };
/* End PBXBuildFile section */

/* Begin PBXContainerItemProxy section */
		C8B3828C2945E1B800BD6D26 /* PBXContainerItemProxy */ = {
			isa = PBXContainerItemProxy;
			containerPortal = C8B3826D2945E1B700BD6D26 /* Project object */;
			proxyType = 1;
			remoteGlobalIDString = C8B382742945E1B700BD6D26;
			remoteInfo = PassingData_ex;
		};
		C8B382962945E1B800BD6D26 /* PBXContainerItemProxy */ = {
			isa = PBXContainerItemProxy;
			containerPortal = C8B3826D2945E1B700BD6D26 /* Project object */;
			proxyType = 1;
			remoteGlobalIDString = C8B382742945E1B700BD6D26;
			remoteInfo = PassingData_ex;
		};
/* End PBXContainerItemProxy section */

/* Begin PBXFileReference section */
		C8B382752945E1B700BD6D26 /* PassingData_ex.app */ = {isa = PBXFileReference; explicitFileType = wrapper.application; includeInIndex = 0; path = PassingData_ex.app; sourceTree = BUILT_PRODUCTS_DIR; };
		C8B382782945E1B700BD6D26 /* AppDelegate.swift */ = {isa = PBXFileReference; lastKnownFileType = sourcecode.swift; path = AppDelegate.swift; sourceTree = "<group>"; };
		C8B3827A2945E1B700BD6D26 /* SceneDelegate.swift */ = {isa = PBXFileReference; lastKnownFileType = sourcecode.swift; path = SceneDelegate.swift; sourceTree = "<group>"; };
		C8B3827C2945E1B700BD6D26 /* ViewController.swift */ = {isa = PBXFileReference; lastKnownFileType = sourcecode.swift; path = ViewController.swift; sourceTree = "<group>"; };
		C8B3827F2945E1B700BD6D26 /* Base */ = {isa = PBXFileReference; lastKnownFileType = file.storyboard; name = Base; path = Base.lproj/Main.storyboard; sourceTree = "<group>"; };
		C8B382812945E1B800BD6D26 /* Assets.xcassets */ = {isa = PBXFileReference; lastKnownFileType = folder.assetcatalog; path = Assets.xcassets; sourceTree = "<group>"; };
		C8B382842945E1B800BD6D26 /* Base */ = {isa = PBXFileReference; lastKnownFileType = file.storyboard; name = Base; path = Base.lproj/LaunchScreen.storyboard; sourceTree = "<group>"; };
		C8B382862945E1B800BD6D26 /* Info.plist */ = {isa = PBXFileReference; lastKnownFileType = text.plist.xml; path = Info.plist; sourceTree = "<group>"; };
		C8B3828B2945E1B800BD6D26 /* PassingData_exTests.xctest */ = {isa = PBXFileReference; explicitFileType = wrapper.cfbundle; includeInIndex = 0; path = PassingData_exTests.xctest; sourceTree = BUILT_PRODUCTS_DIR; };
		C8B3828F2945E1B800BD6D26 /* PassingData_exTests.swift */ = {isa = PBXFileReference; lastKnownFileType = sourcecode.swift; path = PassingData_exTests.swift; sourceTree = "<group>"; };
		C8B382952945E1B800BD6D26 /* PassingData_exUITests.xctest */ = {isa = PBXFileReference; explicitFileType = wrapper.cfbundle; includeInIndex = 0; path = PassingData_exUITests.xctest; sourceTree = BUILT_PRODUCTS_DIR; };
		C8B382992945E1B800BD6D26 /* PassingData_exUITests.swift */ = {isa = PBXFileReference; lastKnownFileType = sourcecode.swift; path = PassingData_exUITests.swift; sourceTree = "<group>"; };
		C8B3829B2945E1B800BD6D26 /* PassingData_exUITestsLaunchTests.swift */ = {isa = PBXFileReference; lastKnownFileType = sourcecode.swift; path = PassingData_exUITestsLaunchTests.swift; sourceTree = "<group>"; };
		C8B382A82945E2C300BD6D26 /* DetailViewController.swift */ = {isa = PBXFileReference; lastKnownFileType = sourcecode.swift; path = DetailViewController.swift; sourceTree = "<group>"; };
/* End PBXFileReference section */

/* Begin PBXFrameworksBuildPhase section */
		C8B382722945E1B700BD6D26 /* Frameworks */ = {
			isa = PBXFrameworksBuildPhase;
			buildActionMask = 2147483647;
			files = (
			);
			runOnlyForDeploymentPostprocessing = 0;
		};
		C8B382882945E1B800BD6D26 /* Frameworks */ = {
			isa = PBXFrameworksBuildPhase;
			buildActionMask = 2147483647;
			files = (
			);
			runOnlyForDeploymentPostprocessing = 0;
		};
		C8B382922945E1B800BD6D26 /* Frameworks */ = {
			isa = PBXFrameworksBuildPhase;
			buildActionMask = 2147483647;
			files = (
			);
			runOnlyForDeploymentPostprocessing = 0;
		};
/* End PBXFrameworksBuildPhase section */

/* Begin PBXGroup section */
		C8B3826C2945E1B700BD6D26 = {
			isa = PBXGroup;
			children = (
				C8B382772945E1B700BD6D26 /* PassingData_ex */,
				C8B3828E2945E1B800BD6D26 /* PassingData_exTests */,
				C8B382982945E1B800BD6D26 /* PassingData_exUITests */,
				C8B382762945E1B700BD6D26 /* Products */,
			);
			sourceTree = "<group>";
		};
		C8B382762945E1B700BD6D26 /* Products */ = {
			isa = PBXGroup;
			children = (
				C8B382752945E1B700BD6D26 /* PassingData_ex.app */,
				C8B3828B2945E1B800BD6D26 /* PassingData_exTests.xctest */,
				C8B382952945E1B800BD6D26 /* PassingData_exUITests.xctest */,
			);
			name = Products;
			sourceTree = "<group>";
		};
		C8B382772945E1B700BD6D26 /* PassingData_ex */ = {
			isa = PBXGroup;
			children = (
				C8B382782945E1B700BD6D26 /* AppDelegate.swift */,
				C8B3827A2945E1B700BD6D26 /* SceneDelegate.swift */,
				C8B3827C2945E1B700BD6D26 /* ViewController.swift */,
				C8B382A82945E2C300BD6D26 /* DetailViewController.swift */,
				C8B3827E2945E1B700BD6D26 /* Main.storyboard */,
				C8B382812945E1B800BD6D26 /* Assets.xcassets */,
				C8B382832945E1B800BD6D26 /* LaunchScreen.storyboard */,
				C8B382862945E1B800BD6D26 /* Info.plist */,
			);
			path = PassingData_ex;
			sourceTree = "<group>";
		};
		C8B3828E2945E1B800BD6D26 /* PassingData_exTests */ = {
			isa = PBXGroup;
			children = (
				C8B3828F2945E1B800BD6D26 /* PassingData_exTests.swift */,
			);
			path = PassingData_exTests;
			sourceTree = "<group>";
		};
		C8B382982945E1B800BD6D26 /* PassingData_exUITests */ = {
			isa = PBXGroup;
			children = (
				C8B382992945E1B800BD6D26 /* PassingData_exUITests.swift */,
				C8B3829B2945E1B800BD6D26 /* PassingData_exUITestsLaunchTests.swift */,
			);
			path = PassingData_exUITests;
			sourceTree = "<group>";
		};
/* End PBXGroup section */

/* Begin PBXNativeTarget section */
		C8B382742945E1B700BD6D26 /* PassingData_ex */ = {
			isa = PBXNativeTarget;
			buildConfigurationList = C8B3829F2945E1B800BD6D26 /* Build configuration list for PBXNativeTarget "PassingData_ex" */;
			buildPhases = (
				C8B382712945E1B700BD6D26 /* Sources */,
				C8B382722945E1B700BD6D26 /* Frameworks */,
				C8B382732945E1B700BD6D26 /* Resources */,
			);
			buildRules = (
			);
			dependencies = (
			);
			name = PassingData_ex;
			productName = PassingData_ex;
			productReference = C8B382752945E1B700BD6D26 /* PassingData_ex.app */;
			productType = "com.apple.product-type.application";
		};
		C8B3828A2945E1B800BD6D26 /* PassingData_exTests */ = {
			isa = PBXNativeTarget;
			buildConfigurationList = C8B382A22945E1B800BD6D26 /* Build configuration list for PBXNativeTarget "PassingData_exTests" */;
			buildPhases = (
				C8B382872945E1B800BD6D26 /* Sources */,
				C8B382882945E1B800BD6D26 /* Frameworks */,
				C8B382892945E1B800BD6D26 /* Resources */,
			);
			buildRules = (
			);
			dependencies = (
				C8B3828D2945E1B800BD6D26 /* PBXTargetDependency */,
			);
			name = PassingData_exTests;
			productName = PassingData_exTests;
			productReference = C8B3828B2945E1B800BD6D26 /* PassingData_exTests.xctest */;
			productType = "com.apple.product-type.bundle.unit-test";
		};
		C8B382942945E1B800BD6D26 /* PassingData_exUITests */ = {
			isa = PBXNativeTarget;
			buildConfigurationList = C8B382A52945E1B800BD6D26 /* Build configuration list for PBXNativeTarget "PassingData_exUITests" */;
			buildPhases = (
				C8B382912945E1B800BD6D26 /* Sources */,
				C8B382922945E1B800BD6D26 /* Frameworks */,
				C8B382932945E1B800BD6D26 /* Resources */,
			);
			buildRules = (
			);
			dependencies = (
				C8B382972945E1B800BD6D26 /* PBXTargetDependency */,
			);
			name = PassingData_exUITests;
			productName = PassingData_exUITests;
			productReference = C8B382952945E1B800BD6D26 /* PassingData_exUITests.xctest */;
			productType = "com.apple.product-type.bundle.ui-testing";
		};
/* End PBXNativeTarget section */

/* Begin PBXProject section */
		C8B3826D2945E1B700BD6D26 /* Project object */ = {
			isa = PBXProject;
			attributes = {
				BuildIndependentTargetsInParallel = 1;
				LastSwiftUpdateCheck = 1410;
				LastUpgradeCheck = 1410;
				TargetAttributes = {
					C8B382742945E1B700BD6D26 = {
						CreatedOnToolsVersion = 14.1;
					};
					C8B3828A2945E1B800BD6D26 = {
						CreatedOnToolsVersion = 14.1;
						TestTargetID = C8B382742945E1B700BD6D26;
					};
					C8B382942945E1B800BD6D26 = {
						CreatedOnToolsVersion = 14.1;
						TestTargetID = C8B382742945E1B700BD6D26;
					};
				};
			};
			buildConfigurationList = C8B382702945E1B700BD6D26 /* Build configuration list for PBXProject "PassingData_ex" */;
			compatibilityVersion = "Xcode 14.0";
			developmentRegion = en;
			hasScannedForEncodings = 0;
			knownRegions = (
				en,
				Base,
			);
			mainGroup = C8B3826C2945E1B700BD6D26;
			productRefGroup = C8B382762945E1B700BD6D26 /* Products */;
			projectDirPath = "";
			projectRoot = "";
			targets = (
				C8B382742945E1B700BD6D26 /* PassingData_ex */,
				C8B3828A2945E1B800BD6D26 /* PassingData_exTests */,
				C8B382942945E1B800BD6D26 /* PassingData_exUITests */,
			);
		};
/* End PBXProject section */

/* Begin PBXResourcesBuildPhase section */
		C8B382732945E1B700BD6D26 /* Resources */ = {
			isa = PBXResourcesBuildPhase;
			buildActionMask = 2147483647;
			files = (
				C8B382852945E1B800BD6D26 /* LaunchScreen.storyboard in Resources */,
				C8B382822945E1B800BD6D26 /* Assets.xcassets in Resources */,
				C8B382802945E1B700BD6D26 /* Main.storyboard in Resources */,
			);
			runOnlyForDeploymentPostprocessing = 0;
		};
		C8B382892945E1B800BD6D26 /* Resources */ = {
			isa = PBXResourcesBuildPhase;
			buildActionMask = 2147483647;
			files = (
			);
			runOnlyForDeploymentPostprocessing = 0;
		};
		C8B382932945E1B800BD6D26 /* Resources */ = {
			isa = PBXResourcesBuildPhase;
			buildActionMask = 2147483647;
			files = (
			);
			runOnlyForDeploymentPostprocessing = 0;
		};
/* End PBXResourcesBuildPhase section */

/* Begin PBXSourcesBuildPhase section */
		C8B382712945E1B700BD6D26 /* Sources */ = {
			isa = PBXSourcesBuildPhase;
			buildActionMask = 2147483647;
			files = (
				C8B3827D2945E1B700BD6D26 /* ViewController.swift in Sources */,
				C8B382792945E1B700BD6D26 /* AppDelegate.swift in Sources */,
				C8B3827B2945E1B700BD6D26 /* SceneDelegate.swift in Sources */,
				C8B382A92945E2C300BD6D26 /* DetailViewController.swift in Sources */,
			);
			runOnlyForDeploymentPostprocessing = 0;
		};
		C8B382872945E1B800BD6D26 /* Sources */ = {
			isa = PBXSourcesBuildPhase;
			buildActionMask = 2147483647;
			files = (
				C8B382902945E1B800BD6D26 /* PassingData_exTests.swift in Sources */,
			);
			runOnlyForDeploymentPostprocessing = 0;
		};
		C8B382912945E1B800BD6D26 /* Sources */ = {
			isa = PBXSourcesBuildPhase;
			buildActionMask = 2147483647;
			files = (
				C8B3829A2945E1B800BD6D26 /* PassingData_exUITests.swift in Sources */,
				C8B3829C2945E1B800BD6D26 /* PassingData_exUITestsLaunchTests.swift in Sources */,
			);
			runOnlyForDeploymentPostprocessing = 0;
		};
/* End PBXSourcesBuildPhase section */

/* Begin PBXTargetDependency section */
		C8B3828D2945E1B800BD6D26 /* PBXTargetDependency */ = {
			isa = PBXTargetDependency;
			target = C8B382742945E1B700BD6D26 /* PassingData_ex */;
			targetProxy = C8B3828C2945E1B800BD6D26 /* PBXContainerItemProxy */;
		};
		C8B382972945E1B800BD6D26 /* PBXTargetDependency */ = {
			isa = PBXTargetDependency;
			target = C8B382742945E1B700BD6D26 /* PassingData_ex */;
			targetProxy = C8B382962945E1B800BD6D26 /* PBXContainerItemProxy */;
		};
/* End PBXTargetDependency section */

/* Begin PBXVariantGroup section */
		C8B3827E2945E1B700BD6D26 /* Main.storyboard */ = {
			isa = PBXVariantGroup;
			children = (
				C8B3827F2945E1B700BD6D26 /* Base */,
			);
			name = Main.storyboard;
			sourceTree = "<group>";
		};
		C8B382832945E1B800BD6D26 /* LaunchScreen.storyboard */ = {
			isa = PBXVariantGroup;
			children = (
				C8B382842945E1B800BD6D26 /* Base */,
			);
			name = LaunchScreen.storyboard;
			sourceTree = "<group>";
		};
/* End PBXVariantGroup section */

/* Begin XCBuildConfiguration section */
		C8B3829D2945E1B800BD6D26 /* Debug */ = {
			isa = XCBuildConfiguration;
			buildSettings = {
				ALWAYS_SEARCH_USER_PATHS = NO;
				CLANG_ANALYZER_NONNULL = YES;
				CLANG_ANALYZER_NUMBER_OBJECT_CONVERSION = YES_AGGRESSIVE;
				CLANG_CXX_LANGUAGE_STANDARD = "gnu++20";
				CLANG_ENABLE_MODULES = YES;
				CLANG_ENABLE_OBJC_ARC = YES;
				CLANG_ENABLE_OBJC_WEAK = YES;
				CLANG_WARN_BLOCK_CAPTURE_AUTORELEASING = YES;
				CLANG_WARN_BOOL_CONVERSION = YES;
				CLANG_WARN_COMMA = YES;
				CLANG_WARN_CONSTANT_CONVERSION = YES;
				CLANG_WARN_DEPRECATED_OBJC_IMPLEMENTATIONS = YES;
				CLANG_WARN_DIRECT_OBJC_ISA_USAGE = YES_ERROR;
				CLANG_WARN_DOCUMENTATION_COMMENTS = YES;
				CLANG_WARN_EMPTY_BODY = YES;
				CLANG_WARN_ENUM_CONVERSION = YES;
				CLANG_WARN_INFINITE_RECURSION = YES;
				CLANG_WARN_INT_CONVERSION = YES;
				CLANG_WARN_NON_LITERAL_NULL_CONVERSION = YES;
				CLANG_WARN_OBJC_IMPLICIT_RETAIN_SELF = YES;
				CLANG_WARN_OBJC_LITERAL_CONVERSION = YES;
				CLANG_WARN_OBJC_ROOT_CLASS = YES_ERROR;
				CLANG_WARN_QUOTED_INCLUDE_IN_FRAMEWORK_HEADER = YES;
				CLANG_WARN_RANGE_LOOP_ANALYSIS = YES;
				CLANG_WARN_STRICT_PROTOTYPES = YES;
				CLANG_WARN_SUSPICIOUS_MOVE = YES;
				CLANG_WARN_UNGUARDED_AVAILABILITY = YES_AGGRESSIVE;
				CLANG_WARN_UNREACHABLE_CODE = YES;
				CLANG_WARN__DUPLICATE_METHOD_MATCH = YES;
				COPY_PHASE_STRIP = NO;
				DEBUG_INFORMATION_FORMAT = dwarf;
				ENABLE_STRICT_OBJC_MSGSEND = YES;
				ENABLE_TESTABILITY = YES;
				GCC_C_LANGUAGE_STANDARD = gnu11;
				GCC_DYNAMIC_NO_PIC = NO;
				GCC_NO_COMMON_BLOCKS = YES;
				GCC_OPTIMIZATION_LEVEL = 0;
				GCC_PREPROCESSOR_DEFINITIONS = (
					"DEBUG=1",
					"$(inherited)",
				);
				GCC_WARN_64_TO_32_BIT_CONVERSION = YES;
				GCC_WARN_ABOUT_RETURN_TYPE = YES_ERROR;
				GCC_WARN_UNDECLARED_SELECTOR = YES;
				GCC_WARN_UNINITIALIZED_AUTOS = YES_AGGRESSIVE;
				GCC_WARN_UNUSED_FUNCTION = YES;
				GCC_WARN_UNUSED_VARIABLE = YES;
				IPHONEOS_DEPLOYMENT_TARGET = 16.1;
				MTL_ENABLE_DEBUG_INFO = INCLUDE_SOURCE;
				MTL_FAST_MATH = YES;
				ONLY_ACTIVE_ARCH = YES;
				SDKROOT = iphoneos;
				SWIFT_ACTIVE_COMPILATION_CONDITIONS = DEBUG;
				SWIFT_OPTIMIZATION_LEVEL = "-Onone";
			};
			name = Debug;
		};
		C8B3829E2945E1B800BD6D26 /* Release */ = {
			isa = XCBuildConfiguration;
			buildSettings = {
				ALWAYS_SEARCH_USER_PATHS = NO;
				CLANG_ANALYZER_NONNULL = YES;
				CLANG_ANALYZER_NUMBER_OBJECT_CONVERSION = YES_AGGRESSIVE;
				CLANG_CXX_LANGUAGE_STANDARD = "gnu++20";
				CLANG_ENABLE_MODULES = YES;
				CLANG_ENABLE_OBJC_ARC = YES;
				CLANG_ENABLE_OBJC_WEAK = YES;
				CLANG_WARN_BLOCK_CAPTURE_AUTORELEASING = YES;
				CLANG_WARN_BOOL_CONVERSION = YES;
				CLANG_WARN_COMMA = YES;
				CLANG_WARN_CONSTANT_CONVERSION = YES;
				CLANG_WARN_DEPRECATED_OBJC_IMPLEMENTATIONS = YES;
				CLANG_WARN_DIRECT_OBJC_ISA_USAGE = YES_ERROR;
				CLANG_WARN_DOCUMENTATION_COMMENTS = YES;
				CLANG_WARN_EMPTY_BODY = YES;
				CLANG_WARN_ENUM_CONVERSION = YES;
				CLANG_WARN_INFINITE_RECURSION = YES;
				CLANG_WARN_INT_CONVERSION = YES;
				CLANG_WARN_NON_LITERAL_NULL_CONVERSION = YES;
				CLANG_WARN_OBJC_IMPLICIT_RETAIN_SELF = YES;
				CLANG_WARN_OBJC_LITERAL_CONVERSION = YES;
				CLANG_WARN_OBJC_ROOT_CLASS = YES_ERROR;
				CLANG_WARN_QUOTED_INCLUDE_IN_FRAMEWORK_HEADER = YES;
				CLANG_WARN_RANGE_LOOP_ANALYSIS = YES;
				CLANG_WARN_STRICT_PROTOTYPES = YES;
				CLANG_WARN_SUSPICIOUS_MOVE = YES;
				CLANG_WARN_UNGUARDED_AVAILABILITY = YES_AGGRESSIVE;
				CLANG_WARN_UNREACHABLE_CODE = YES;
				CLANG_WARN__DUPLICATE_METHOD_MATCH = YES;
				COPY_PHASE_STRIP = NO;
				DEBUG_INFORMATION_FORMAT = "dwarf-with-dsym";
				ENABLE_NS_ASSERTIONS = NO;
				ENABLE_STRICT_OBJC_MSGSEND = YES;
				GCC_C_LANGUAGE_STANDARD = gnu11;
				GCC_NO_COMMON_BLOCKS = YES;
				GCC_WARN_64_TO_32_BIT_CONVERSION = YES;
				GCC_WARN_ABOUT_RETURN_TYPE = YES_ERROR;
				GCC_WARN_UNDECLARED_SELECTOR = YES;
				GCC_WARN_UNINITIALIZED_AUTOS = YES_AGGRESSIVE;
				GCC_WARN_UNUSED_FUNCTION = YES;
				GCC_WARN_UNUSED_VARIABLE = YES;
				IPHONEOS_DEPLOYMENT_TARGET = 16.1;
				MTL_ENABLE_DEBUG_INFO = NO;
				MTL_FAST_MATH = YES;
				SDKROOT = iphoneos;
				SWIFT_COMPILATION_MODE = wholemodule;
				SWIFT_OPTIMIZATION_LEVEL = "-O";
				VALIDATE_PRODUCT = YES;
			};
			name = Release;
		};
		C8B382A02945E1B800BD6D26 /* Debug */ = {
			isa = XCBuildConfiguration;
			buildSettings = {
				ASSETCATALOG_COMPILER_APPICON_NAME = AppIcon;
				ASSETCATALOG_COMPILER_GLOBAL_ACCENT_COLOR_NAME = AccentColor;
				CODE_SIGN_STYLE = Automatic;
				CURRENT_PROJECT_VERSION = 1;
				DEVELOPMENT_TEAM = M6VCPRBVDM;
				GENERATE_INFOPLIST_FILE = YES;
				INFOPLIST_FILE = PassingData_ex/Info.plist;
				INFOPLIST_KEY_UIApplicationSupportsIndirectInputEvents = YES;
				INFOPLIST_KEY_UILaunchStoryboardName = LaunchScreen;
				INFOPLIST_KEY_UIMainStoryboardFile = Main;
				INFOPLIST_KEY_UISupportedInterfaceOrientations_iPad = "UIInterfaceOrientationPortrait UIInterfaceOrientationPortraitUpsideDown UIInterfaceOrientationLandscapeLeft UIInterfaceOrientationLandscapeRight";
				INFOPLIST_KEY_UISupportedInterfaceOrientations_iPhone = "UIInterfaceOrientationPortrait UIInterfaceOrientationLandscapeLeft UIInterfaceOrientationLandscapeRight";
				LD_RUNPATH_SEARCH_PATHS = (
					"$(inherited)",
					"@executable_path/Frameworks",
				);
				MARKETING_VERSION = 1.0;
				PRODUCT_BUNDLE_IDENTIFIER = "kr.co.bullets.PassingData-ex";
				PRODUCT_NAME = "$(TARGET_NAME)";
				SWIFT_EMIT_LOC_STRINGS = YES;
				SWIFT_VERSION = 5.0;
				TARGETED_DEVICE_FAMILY = "1,2";
			};
			name = Debug;
		};
		C8B382A12945E1B800BD6D26 /* Release */ = {
			isa = XCBuildConfiguration;
			buildSettings = {
				ASSETCATALOG_COMPILER_APPICON_NAME = AppIcon;
				ASSETCATALOG_COMPILER_GLOBAL_ACCENT_COLOR_NAME = AccentColor;
				CODE_SIGN_STYLE = Automatic;
				CURRENT_PROJECT_VERSION = 1;
				DEVELOPMENT_TEAM = M6VCPRBVDM;
				GENERATE_INFOPLIST_FILE = YES;
				INFOPLIST_FILE = PassingData_ex/Info.plist;
				INFOPLIST_KEY_UIApplicationSupportsIndirectInputEvents = YES;
				INFOPLIST_KEY_UILaunchStoryboardName = LaunchScreen;
				INFOPLIST_KEY_UIMainStoryboardFile = Main;
				INFOPLIST_KEY_UISupportedInterfaceOrientations_iPad = "UIInterfaceOrientationPortrait UIInterfaceOrientationPortraitUpsideDown UIInterfaceOrientationLandscapeLeft UIInterfaceOrientationLandscapeRight";
				INFOPLIST_KEY_UISupportedInterfaceOrientations_iPhone = "UIInterfaceOrientationPortrait UIInterfaceOrientationLandscapeLeft UIInterfaceOrientationLandscapeRight";
				LD_RUNPATH_SEARCH_PATHS = (
					"$(inherited)",
					"@executable_path/Frameworks",
				);
				MARKETING_VERSION = 1.0;
				PRODUCT_BUNDLE_IDENTIFIER = "kr.co.bullets.PassingData-ex";
				PRODUCT_NAME = "$(TARGET_NAME)";
				SWIFT_EMIT_LOC_STRINGS = YES;
				SWIFT_VERSION = 5.0;
				TARGETED_DEVICE_FAMILY = "1,2";
			};
			name = Release;
		};
		C8B382A32945E1B800BD6D26 /* Debug */ = {
			isa = XCBuildConfiguration;
			buildSettings = {
				ALWAYS_EMBED_SWIFT_STANDARD_LIBRARIES = YES;
				BUNDLE_LOADER = "$(TEST_HOST)";
				CODE_SIGN_STYLE = Automatic;
				CURRENT_PROJECT_VERSION = 1;
				DEVELOPMENT_TEAM = M6VCPRBVDM;
				GENERATE_INFOPLIST_FILE = YES;
				IPHONEOS_DEPLOYMENT_TARGET = 16.1;
				MARKETING_VERSION = 1.0;
				PRODUCT_BUNDLE_IDENTIFIER = "kr.co.bullets.PassingData-exTests";
				PRODUCT_NAME = "$(TARGET_NAME)";
				SWIFT_EMIT_LOC_STRINGS = NO;
				SWIFT_VERSION = 5.0;
				TARGETED_DEVICE_FAMILY = "1,2";
				TEST_HOST = "$(BUILT_PRODUCTS_DIR)/PassingData_ex.app/$(BUNDLE_EXECUTABLE_FOLDER_PATH)/PassingData_ex";
			};
			name = Debug;
		};
		C8B382A42945E1B800BD6D26 /* Release */ = {
			isa = XCBuildConfiguration;
			buildSettings = {
				ALWAYS_EMBED_SWIFT_STANDARD_LIBRARIES = YES;
				BUNDLE_LOADER = "$(TEST_HOST)";
				CODE_SIGN_STYLE = Automatic;
				CURRENT_PROJECT_VERSION = 1;
				DEVELOPMENT_TEAM = M6VCPRBVDM;
				GENERATE_INFOPLIST_FILE = YES;
				IPHONEOS_DEPLOYMENT_TARGET = 16.1;
				MARKETING_VERSION = 1.0;
				PRODUCT_BUNDLE_IDENTIFIER = "kr.co.bullets.PassingData-exTests";
				PRODUCT_NAME = "$(TARGET_NAME)";
				SWIFT_EMIT_LOC_STRINGS = NO;
				SWIFT_VERSION = 5.0;
				TARGETED_DEVICE_FAMILY = "1,2";
				TEST_HOST = "$(BUILT_PRODUCTS_DIR)/PassingData_ex.app/$(BUNDLE_EXECUTABLE_FOLDER_PATH)/PassingData_ex";
			};
			name = Release;
		};
		C8B382A62945E1B800BD6D26 /* Debug */ = {
			isa = XCBuildConfiguration;
			buildSettings = {
				ALWAYS_EMBED_SWIFT_STANDARD_LIBRARIES = YES;
				CODE_SIGN_STYLE = Automatic;
				CURRENT_PROJECT_VERSION = 1;
				DEVELOPMENT_TEAM = M6VCPRBVDM;
				GENERATE_INFOPLIST_FILE = YES;
				MARKETING_VERSION = 1.0;
				PRODUCT_BUNDLE_IDENTIFIER = "kr.co.bullets.PassingData-exUITests";
				PRODUCT_NAME = "$(TARGET_NAME)";
				SWIFT_EMIT_LOC_STRINGS = NO;
				SWIFT_VERSION = 5.0;
				TARGETED_DEVICE_FAMILY = "1,2";
				TEST_TARGET_NAME = PassingData_ex;
			};
			name = Debug;
		};
		C8B382A72945E1B800BD6D26 /* Release */ = {
			isa = XCBuildConfiguration;
			buildSettings = {
				ALWAYS_EMBED_SWIFT_STANDARD_LIBRARIES = YES;
				CODE_SIGN_STYLE = Automatic;
				CURRENT_PROJECT_VERSION = 1;
				DEVELOPMENT_TEAM = M6VCPRBVDM;
				GENERATE_INFOPLIST_FILE = YES;
				MARKETING_VERSION = 1.0;
				PRODUCT_BUNDLE_IDENTIFIER = "kr.co.bullets.PassingData-exUITests";
				PRODUCT_NAME = "$(TARGET_NAME)";
				SWIFT_EMIT_LOC_STRINGS = NO;
				SWIFT_VERSION = 5.0;
				TARGETED_DEVICE_FAMILY = "1,2";
				TEST_TARGET_NAME = PassingData_ex;
			};
			name = Release;
		};
/* End XCBuildConfiguration section */

/* Begin XCConfigurationList section */
		C8B382702945E1B700BD6D26 /* Build configuration list for PBXProject "PassingData_ex" */ = {
			isa = XCConfigurationList;
			buildConfigurations = (
				C8B3829D2945E1B800BD6D26 /* Debug */,
				C8B3829E2945E1B800BD6D26 /* Release */,
			);
			defaultConfigurationIsVisible = 0;
			defaultConfigurationName = Release;
		};
		C8B3829F2945E1B800BD6D26 /* Build configuration list for PBXNativeTarget "PassingData_ex" */ = {
			isa = XCConfigurationList;
			buildConfigurations = (
				C8B382A02945E1B800BD6D26 /* Debug */,
				C8B382A12945E1B800BD6D26 /* Release */,
			);
			defaultConfigurationIsVisible = 0;
			defaultConfigurationName = Release;
		};
		C8B382A22945E1B800BD6D26 /* Build configuration list for PBXNativeTarget "PassingData_exTests" */ = {
			isa = XCConfigurationList;
			buildConfigurations = (
				C8B382A32945E1B800BD6D26 /* Debug */,
				C8B382A42945E1B800BD6D26 /* Release */,
			);
			defaultConfigurationIsVisible = 0;
			defaultConfigurationName = Release;
		};
		C8B382A52945E1B800BD6D26 /* Build configuration list for PBXNativeTarget "PassingData_exUITests" */ = {
			isa = XCConfigurationList;
			buildConfigurations = (
				C8B382A62945E1B800BD6D26 /* Debug */,
				C8B382A72945E1B800BD6D26 /* Release */,
			);
			defaultConfigurationIsVisible = 0;
			defaultConfigurationName = Release;
		};
/* End XCConfigurationList section */
	};
	rootObject = C8B3826D2945E1B700BD6D26 /* Project object */;
}
